
Microsoft Visual Studio Solution File, Format Version 12.00
# Visual Studio Version 17
VisualStudioVersion = 17.9.34714.143
MinimumVisualStudioVersion = 10.0.40219.1
Project("{8BC9CEB8-8B4A-11D0-8D11-00A0C91BC942}") = "12_5_day19", "12_5_day19.vcxproj", "{FEB9FA72-DBBB-4BFC-81BB-F74F10714CEC}"
EndProject
Global
	GlobalSection(SolutionConfigurationPlatforms) = preSolution
		Debug|x64 = Debug|x64
		Debug|x86 = Debug|x86
		Release|x64 = Release|x64
		Release|x86 = Release|x86
	EndGlobalSection
	GlobalSection(ProjectConfigurationPlatforms) = postSolution
		{FEB9FA72-DBBB-4BFC-81BB-F74F10714CEC}.Debug|x64.ActiveCfg = Debug|x64
		{FEB9FA72-DBBB-4BFC-81BB-F74F10714CEC}.Debug|x64.Build.0 = Debug|x64
		{FEB9FA72-DBBB-4BFC-81BB-F74F10714CEC}.Debug|x86.ActiveCfg = Debug|Win32
		{FEB9FA72-DBBB-4BFC-81BB-F74F10714CEC}.Debug|x86.Build.0 = Debug|Win32
		{FEB9FA72-DBBB-4BFC-81BB-F74F10714CEC}.Release|x64.ActiveCfg = Release|x64
		{FEB9FA72-DBBB-4BFC-81BB-F74F10714CEC}.Release|x64.Build.0 = Release|x64
		{FEB9FA72-DBBB-4BFC-81BB-F74F10714CEC}.Release|x86.ActiveCfg = Release|Win32
		{FEB9FA72-DBBB-4BFC-81BB-F74F10714CEC}.Release|x86.Build.0 = Release|Win32
	EndGlobalSection
	GlobalSection(SolutionProperties) = preSolution
		HideSolutionNode = FALSE
	EndGlobalSection
	GlobalSection(ExtensibilityGlobals) = postSolution
		SolutionGuid = {26013401-CB21-4A9F-B77B-44E941CA84EF}
	EndGlobalSection
EndGlobal
