
Microsoft Visual Studio Solution File, Format Version 12.00
# Visual Studio Version 17
VisualStudioVersion = 17.9.34714.143
MinimumVisualStudioVersion = 10.0.40219.1
Project("{8BC9CEB8-8B4A-11D0-8D11-00A0C91BC942}") = "29_4_day11", "29_4_day11.vcxproj", "{C1F4F0CB-3898-4F63-A21C-31A8928FC243}"
EndProject
Global
	GlobalSection(SolutionConfigurationPlatforms) = preSolution
		Debug|x64 = Debug|x64
		Debug|x86 = Debug|x86
		Release|x64 = Release|x64
		Release|x86 = Release|x86
	EndGlobalSection
	GlobalSection(ProjectConfigurationPlatforms) = postSolution
		{C1F4F0CB-3898-4F63-A21C-31A8928FC243}.Debug|x64.ActiveCfg = Debug|x64
		{C1F4F0CB-3898-4F63-A21C-31A8928FC243}.Debug|x64.Build.0 = Debug|x64
		{C1F4F0CB-3898-4F63-A21C-31A8928FC243}.Debug|x86.ActiveCfg = Debug|Win32
		{C1F4F0CB-3898-4F63-A21C-31A8928FC243}.Debug|x86.Build.0 = Debug|Win32
		{C1F4F0CB-3898-4F63-A21C-31A8928FC243}.Release|x64.ActiveCfg = Release|x64
		{C1F4F0CB-3898-4F63-A21C-31A8928FC243}.Release|x64.Build.0 = Release|x64
		{C1F4F0CB-3898-4F63-A21C-31A8928FC243}.Release|x86.ActiveCfg = Release|Win32
		{C1F4F0CB-3898-4F63-A21C-31A8928FC243}.Release|x86.Build.0 = Release|Win32
	EndGlobalSection
	GlobalSection(SolutionProperties) = preSolution
		HideSolutionNode = FALSE
	EndGlobalSection
	GlobalSection(ExtensibilityGlobals) = postSolution
		SolutionGuid = {EDADDD3B-FC5C-4236-BDFF-FD6E1BC7F351}
	EndGlobalSection
EndGlobal
