
Microsoft Visual Studio Solution File, Format Version 12.00
# Visual Studio Version 17
VisualStudioVersion = 17.9.34714.143
MinimumVisualStudioVersion = 10.0.40219.1
Project("{8BC9CEB8-8B4A-11D0-8D11-00A0C91BC942}") = "11_6_day44", "11_6_day44.vcxproj", "{14BC0DF1-69E4-4880-849F-C4A811DAE6FD}"
EndProject
Global
	GlobalSection(SolutionConfigurationPlatforms) = preSolution
		Debug|x64 = Debug|x64
		Debug|x86 = Debug|x86
		Release|x64 = Release|x64
		Release|x86 = Release|x86
	EndGlobalSection
	GlobalSection(ProjectConfigurationPlatforms) = postSolution
		{14BC0DF1-69E4-4880-849F-C4A811DAE6FD}.Debug|x64.ActiveCfg = Debug|x64
		{14BC0DF1-69E4-4880-849F-C4A811DAE6FD}.Debug|x64.Build.0 = Debug|x64
		{14BC0DF1-69E4-4880-849F-C4A811DAE6FD}.Debug|x86.ActiveCfg = Debug|Win32
		{14BC0DF1-69E4-4880-849F-C4A811DAE6FD}.Debug|x86.Build.0 = Debug|Win32
		{14BC0DF1-69E4-4880-849F-C4A811DAE6FD}.Release|x64.ActiveCfg = Release|x64
		{14BC0DF1-69E4-4880-849F-C4A811DAE6FD}.Release|x64.Build.0 = Release|x64
		{14BC0DF1-69E4-4880-849F-C4A811DAE6FD}.Release|x86.ActiveCfg = Release|Win32
		{14BC0DF1-69E4-4880-849F-C4A811DAE6FD}.Release|x86.Build.0 = Release|Win32
	EndGlobalSection
	GlobalSection(SolutionProperties) = preSolution
		HideSolutionNode = FALSE
	EndGlobalSection
	GlobalSection(ExtensibilityGlobals) = postSolution
		SolutionGuid = {88A995AE-0F53-4A90-B17D-99FB76120C18}
	EndGlobalSection
EndGlobal
