
Microsoft Visual Studio Solution File, Format Version 12.00
# Visual Studio Version 17
VisualStudioVersion = 17.9.34714.143
MinimumVisualStudioVersion = 10.0.40219.1
Project("{8BC9CEB8-8B4A-11D0-8D11-00A0C91BC942}") = "29_5_33", "29_5_33.vcxproj", "{D79B87A0-75F3-47A4-BECB-246B4753F34A}"
EndProject
Global
	GlobalSection(SolutionConfigurationPlatforms) = preSolution
		Debug|x64 = Debug|x64
		Debug|x86 = Debug|x86
		Release|x64 = Release|x64
		Release|x86 = Release|x86
	EndGlobalSection
	GlobalSection(ProjectConfigurationPlatforms) = postSolution
		{D79B87A0-75F3-47A4-BECB-246B4753F34A}.Debug|x64.ActiveCfg = Debug|x64
		{D79B87A0-75F3-47A4-BECB-246B4753F34A}.Debug|x64.Build.0 = Debug|x64
		{D79B87A0-75F3-47A4-BECB-246B4753F34A}.Debug|x86.ActiveCfg = Debug|Win32
		{D79B87A0-75F3-47A4-BECB-246B4753F34A}.Debug|x86.Build.0 = Debug|Win32
		{D79B87A0-75F3-47A4-BECB-246B4753F34A}.Release|x64.ActiveCfg = Release|x64
		{D79B87A0-75F3-47A4-BECB-246B4753F34A}.Release|x64.Build.0 = Release|x64
		{D79B87A0-75F3-47A4-BECB-246B4753F34A}.Release|x86.ActiveCfg = Release|Win32
		{D79B87A0-75F3-47A4-BECB-246B4753F34A}.Release|x86.Build.0 = Release|Win32
	EndGlobalSection
	GlobalSection(SolutionProperties) = preSolution
		HideSolutionNode = FALSE
	EndGlobalSection
	GlobalSection(ExtensibilityGlobals) = postSolution
		SolutionGuid = {8FB88749-25C6-44DB-8D91-CA80505D7207}
	EndGlobalSection
EndGlobal
